github.com/LindsayBradford/go-dbf v1.0.0-aplha.4 h1:B/GGJW3GEBVhuLr0JLoWJnhglv2ZC5a17FjAtOlKrTc=
github.com/LindsayBradford/go-dbf v1.0.0-aplha.4/go.mod h1:56pG8xuSp6+mnQ5lnYtCUezjmMFTKyboVPk7puy3c00=
github.com/axgle/mahonia v0.0.0-20180208002826-3358181d7394 h1:OYA+5W64v3OgClL+IrOD63t4i/RW7RqrAVl9LTZ9UqQ=
github.com/axgle/mahonia v0.0.0-20180208002826-3358181d7394/go.mod h1:Q8n74mJTIgjX4RBBcHnJ05h//6/k6foqmgE45jTQtxg=
github.com/jonas-p/go-shp v0.1.1 h1:LY81nN67DBCz6VNFn2kS64CjmnDo9IP8rmSkTvhO9jE=
github.com/jonas-p/go-shp v0.1.1/go.mod h1:MRIhyxDQ6VVp0oYeD7yPGr5RSTNScUFKCDsI5DR7PtI=
golang.org/x/text v0.18.0 h1:XvMDiNzPAl0jr17s6W9lcaIhGUfUORdGCNsuLmPG224=
golang.org/x/text v0.18.0/go.mod h1:BuEKDfySbSR4drPmRPG/7iBdf8hvFMuRexcpahXilzY=
